
Microsoft Visual Studio Solution File, Format Version 12.00
# Visual Studio 2012
Project("{FAE04EC0-301F-11D3-BF4B-00C04F79EFBC}") = "OracleRoles", "OracleRoles\OracleRoles.csproj", "{FCC34A8D-B79A-446B-B8EB-BD823C860CA8}"
EndProject
Project("{FAE04EC0-301F-11D3-BF4B-00C04F79EFBC}") = "WpfApplication1", "WpfApplication1\WpfApplication1.csproj", "{D5BBA88E-4D49-41EF-B53E-A49D3ADC7826}"
EndProject
Global
	GlobalSection(SolutionConfigurationPlatforms) = preSolution
		Debug|Any CPU = Debug|Any CPU
		Release|Any CPU = Release|Any CPU
	EndGlobalSection
	GlobalSection(ProjectConfigurationPlatforms) = postSolution
		{FCC34A8D-B79A-446B-B8EB-BD823C860CA8}.Debug|Any CPU.ActiveCfg = Debug|Any CPU
		{FCC34A8D-B79A-446B-B8EB-BD823C860CA8}.Debug|Any CPU.Build.0 = Debug|Any CPU
		{FCC34A8D-B79A-446B-B8EB-BD823C860CA8}.Release|Any CPU.ActiveCfg = Release|Any CPU
		{FCC34A8D-B79A-446B-B8EB-BD823C860CA8}.Release|Any CPU.Build.0 = Release|Any CPU
		{D5BBA88E-4D49-41EF-B53E-A49D3ADC7826}.Debug|Any CPU.ActiveCfg = Debug|Any CPU
		{D5BBA88E-4D49-41EF-B53E-A49D3ADC7826}.Debug|Any CPU.Build.0 = Debug|Any CPU
		{D5BBA88E-4D49-41EF-B53E-A49D3ADC7826}.Release|Any CPU.ActiveCfg = Release|Any CPU
		{D5BBA88E-4D49-41EF-B53E-A49D3ADC7826}.Release|Any CPU.Build.0 = Release|Any CPU
	EndGlobalSection
	GlobalSection(SolutionProperties) = preSolution
		HideSolutionNode = FALSE
	EndGlobalSection
EndGlobal
